// !$*UTF8*$!
{
	archiveVersion = 1;
	classes = {
	};
	objectVersion = 48;
	objects = {

/* Begin PBXBuildFile section */
		07B00A9CF4BCE341AE68DF7B /* Pods_MyPixabay.framework in Frameworks */ = {isa = PBXBuildFile; fileRef = 1EF0D8929968A880FB50A9FE /* Pods_MyPixabay.framework */; };
		4E0E754E1F8A584000A20F05 /* AppDelegate.swift in Sources */ = {isa = PBXBuildFile; fileRef = 4E0E754D1F8A584000A20F05 /* AppDelegate.swift */; };
		4E0E75501F8A584000A20F05 /* SearchViewController.swift in Sources */ = {isa = PBXBuildFile; fileRef = 4E0E754F1F8A584000A20F05 /* SearchViewController.swift */; };
		4E0E75531F8A584000A20F05 /* Main.storyboard in Resources */ = {isa = PBXBuildFile; fileRef = 4E0E75511F8A584000A20F05 /* Main.storyboard */; };
		4E0E75551F8A584000A20F05 /* Assets.xcassets in Resources */ = {isa = PBXBuildFile; fileRef = 4E0E75541F8A584000A20F05 /* Assets.xcassets */; };
		4E0E75581F8A584000A20F05 /* LaunchScreen.storyboard in Resources */ = {isa = PBXBuildFile; fileRef = 4E0E75561F8A584000A20F05 /* LaunchScreen.storyboard */; };
		4E8C24E91F8A6609003EE54B /* Image.swift in Sources */ = {isa = PBXBuildFile; fileRef = 4E8C24E81F8A6609003EE54B /* Image.swift */; };
		4E8C24EB1F8A66F2003EE54B /* RequestsManager.swift in Sources */ = {isa = PBXBuildFile; fileRef = 4E8C24EA1F8A66F2003EE54B /* RequestsManager.swift */; };
		4E8C24ED1F8A67C6003EE54B /* Image+Service.swift in Sources */ = {isa = PBXBuildFile; fileRef = 4E8C24EC1F8A67C6003EE54B /* Image+Service.swift */; };
		4E8C24F11F8A6958003EE54B /* AppConfig.swift in Sources */ = {isa = PBXBuildFile; fileRef = 4E8C24F01F8A6958003EE54B /* AppConfig.swift */; };
		4E8C24F31F8A6E93003EE54B /* SearchViewController+SearchBar.swift in Sources */ = {isa = PBXBuildFile; fileRef = 4E8C24F21F8A6E93003EE54B /* SearchViewController+SearchBar.swift */; };
		4E8C24F61F8A6FEC003EE54B /* ImageCell.swift in Sources */ = {isa = PBXBuildFile; fileRef = 4E8C24F51F8A6FEC003EE54B /* ImageCell.swift */; };
		4E8C24F91F8A7080003EE54B /* UIImageView+Extension.swift in Sources */ = {isa = PBXBuildFile; fileRef = 4E8C24F81F8A7080003EE54B /* UIImageView+Extension.swift */; };
		4E8C24FB1F8A71E6003EE54B /* SearchViewController+Cells.swift in Sources */ = {isa = PBXBuildFile; fileRef = 4E8C24FA1F8A71E6003EE54B /* SearchViewController+Cells.swift */; };
		4E8C24FD1F8A88C6003EE54B /* ImagesViewController.swift in Sources */ = {isa = PBXBuildFile; fileRef = 4E8C24FC1F8A88C6003EE54B /* ImagesViewController.swift */; };
/* End PBXBuildFile section */

/* Begin PBXFileReference section */
		1EF0D8929968A880FB50A9FE /* Pods_MyPixabay.framework */ = {isa = PBXFileReference; explicitFileType = wrapper.framework; includeInIndex = 0; path = Pods_MyPixabay.framework; sourceTree = BUILT_PRODUCTS_DIR; };
		27A1E5A9B292B5D32BAC15D0 /* Pods-MyPixabay.debug.xcconfig */ = {isa = PBXFileReference; includeInIndex = 1; lastKnownFileType = text.xcconfig; name = "Pods-MyPixabay.debug.xcconfig"; path = "Pods/Target Support Files/Pods-MyPixabay/Pods-MyPixabay.debug.xcconfig"; sourceTree = "<group>"; };
		31E7163F14ACA3D28317ABB0 /* Pods_MyPixaby.framework */ = {isa = PBXFileReference; explicitFileType = wrapper.framework; includeInIndex = 0; path = Pods_MyPixaby.framework; sourceTree = BUILT_PRODUCTS_DIR; };
		4B49BFAF81E0CCEE76A7E281 /* Pods-MyPixaby.release.xcconfig */ = {isa = PBXFileReference; includeInIndex = 1; lastKnownFileType = text.xcconfig; name = "Pods-MyPixaby.release.xcconfig"; path = "Pods/Target Support Files/Pods-MyPixaby/Pods-MyPixaby.release.xcconfig"; sourceTree = "<group>"; };
		4E0E754A1F8A584000A20F05 /* MyPixabay.app */ = {isa = PBXFileReference; explicitFileType = wrapper.application; includeInIndex = 0; path = MyPixabay.app; sourceTree = BUILT_PRODUCTS_DIR; };
		4E0E754D1F8A584000A20F05 /* AppDelegate.swift */ = {isa = PBXFileReference; lastKnownFileType = sourcecode.swift; path = AppDelegate.swift; sourceTree = "<group>"; };
		4E0E754F1F8A584000A20F05 /* SearchViewController.swift */ = {isa = PBXFileReference; lastKnownFileType = sourcecode.swift; path = SearchViewController.swift; sourceTree = "<group>"; };
		4E0E75521F8A584000A20F05 /* Base */ = {isa = PBXFileReference; lastKnownFileType = file.storyboard; name = Base; path = Base.lproj/Main.storyboard; sourceTree = "<group>"; };
		4E0E75541F8A584000A20F05 /* Assets.xcassets */ = {isa = PBXFileReference; lastKnownFileType = folder.assetcatalog; path = Assets.xcassets; sourceTree = "<group>"; };
		4E0E75571F8A584000A20F05 /* Base */ = {isa = PBXFileReference; lastKnownFileType = file.storyboard; name = Base; path = Base.lproj/LaunchScreen.storyboard; sourceTree = "<group>"; };
		4E0E75591F8A584000A20F05 /* Info.plist */ = {isa = PBXFileReference; lastKnownFileType = text.plist.xml; path = Info.plist; sourceTree = "<group>"; };
		4E8C24E61F8A6372003EE54B /* Pods-MyPixabay */ = {isa = PBXFileReference; lastKnownFileType = folder; name = "Pods-MyPixabay"; path = "Pods/Target Support Files/Pods-MyPixabay"; sourceTree = "<group>"; };
		4E8C24E81F8A6609003EE54B /* Image.swift */ = {isa = PBXFileReference; lastKnownFileType = sourcecode.swift; path = Image.swift; sourceTree = "<group>"; };
		4E8C24EA1F8A66F2003EE54B /* RequestsManager.swift */ = {isa = PBXFileReference; lastKnownFileType = sourcecode.swift; path = RequestsManager.swift; sourceTree = "<group>"; };
		4E8C24EC1F8A67C6003EE54B /* Image+Service.swift */ = {isa = PBXFileReference; lastKnownFileType = sourcecode.swift; path = "Image+Service.swift"; sourceTree = "<group>"; };
		4E8C24F01F8A6958003EE54B /* AppConfig.swift */ = {isa = PBXFileReference; lastKnownFileType = sourcecode.swift; path = AppConfig.swift; sourceTree = "<group>"; };
		4E8C24F21F8A6E93003EE54B /* SearchViewController+SearchBar.swift */ = {isa = PBXFileReference; lastKnownFileType = sourcecode.swift; path = "SearchViewController+SearchBar.swift"; sourceTree = "<group>"; };
		4E8C24F51F8A6FEC003EE54B /* ImageCell.swift */ = {isa = PBXFileReference; lastKnownFileType = sourcecode.swift; path = ImageCell.swift; sourceTree = "<group>"; };
		4E8C24F81F8A7080003EE54B /* UIImageView+Extension.swift */ = {isa = PBXFileReference; lastKnownFileType = sourcecode.swift; path = "UIImageView+Extension.swift"; sourceTree = "<group>"; };
		4E8C24FA1F8A71E6003EE54B /* SearchViewController+Cells.swift */ = {isa = PBXFileReference; lastKnownFileType = sourcecode.swift; path = "SearchViewController+Cells.swift"; sourceTree = "<group>"; };
		4E8C24FC1F8A88C6003EE54B /* ImagesViewController.swift */ = {isa = PBXFileReference; lastKnownFileType = sourcecode.swift; path = ImagesViewController.swift; sourceTree = "<group>"; };
		9DAE0543E7AA9F8E8CA5F260 /* Pods-MyPixaby.debug.xcconfig */ = {isa = PBXFileReference; includeInIndex = 1; lastKnownFileType = text.xcconfig; name = "Pods-MyPixaby.debug.xcconfig"; path = "Pods/Target Support Files/Pods-MyPixaby/Pods-MyPixaby.debug.xcconfig"; sourceTree = "<group>"; };
		CF54BDF0504094A2F5DE911B /* Pods-MyPixabay.release.xcconfig */ = {isa = PBXFileReference; includeInIndex = 1; lastKnownFileType = text.xcconfig; name = "Pods-MyPixabay.release.xcconfig"; path = "Pods/Target Support Files/Pods-MyPixabay/Pods-MyPixabay.release.xcconfig"; sourceTree = "<group>"; };
/* End PBXFileReference section */

/* Begin PBXFrameworksBuildPhase section */
		4E0E75471F8A584000A20F05 /* Frameworks */ = {
			isa = PBXFrameworksBuildPhase;
			buildActionMask = 2147483647;
			files = (
				07B00A9CF4BCE341AE68DF7B /* Pods_MyPixabay.framework in Frameworks */,
			);
			runOnlyForDeploymentPostprocessing = 0;
		};
/* End PBXFrameworksBuildPhase section */

/* Begin PBXGroup section */
		3C64E231412C1DAB5903C798 /* Pods */ = {
			isa = PBXGroup;
			children = (
				9DAE0543E7AA9F8E8CA5F260 /* Pods-MyPixaby.debug.xcconfig */,
				4B49BFAF81E0CCEE76A7E281 /* Pods-MyPixaby.release.xcconfig */,
				27A1E5A9B292B5D32BAC15D0 /* Pods-MyPixabay.debug.xcconfig */,
				CF54BDF0504094A2F5DE911B /* Pods-MyPixabay.release.xcconfig */,
			);
			name = Pods;
			sourceTree = "<group>";
		};
		4E0E75411F8A584000A20F05 = {
			isa = PBXGroup;
			children = (
				4E0E754C1F8A584000A20F05 /* MyPixabay */,
				4E0E754B1F8A584000A20F05 /* Products */,
				3C64E231412C1DAB5903C798 /* Pods */,
				A9ABC19C5BAB14A15B8F667D /* Frameworks */,
			);
			sourceTree = "<group>";
		};
		4E0E754B1F8A584000A20F05 /* Products */ = {
			isa = PBXGroup;
			children = (
				4E0E754A1F8A584000A20F05 /* MyPixabay.app */,
			);
			name = Products;
			sourceTree = "<group>";
		};
		4E0E754C1F8A584000A20F05 /* MyPixabay */ = {
			isa = PBXGroup;
			children = (
				4E0E75691F8A5B2200A20F05 /* Config */,
				4E0E75681F8A5B1D00A20F05 /* Application */,
				4E0E75671F8A5B1A00A20F05 /* Controllers */,
				4E0E75661F8A5B1800A20F05 /* Views */,
				4E0E75651F8A5B1500A20F05 /* Models */,
				4E0E75641F8A5B1300A20F05 /* Services */,
				4E0E75631F8A5B1000A20F05 /* UI */,
				4E0E75621F8A5B0D00A20F05 /* Helpers */,
				4E0E75611F8A5B0A00A20F05 /* Assets */,
			);
			path = MyPixabay;
			sourceTree = "<group>";
		};
		4E0E75611F8A5B0A00A20F05 /* Assets */ = {
			isa = PBXGroup;
			children = (
				4E0E75541F8A584000A20F05 /* Assets.xcassets */,
			);
			name = Assets;
			sourceTree = "<group>";
		};
		4E0E75621F8A5B0D00A20F05 /* Helpers */ = {
			isa = PBXGroup;
			children = (
				4E8C24F71F8A7069003EE54B /* Extensions */,
				4E8C24EA1F8A66F2003EE54B /* RequestsManager.swift */,
			);
			name = Helpers;
			sourceTree = "<group>";
		};
		4E0E75631F8A5B1000A20F05 /* UI */ = {
			isa = PBXGroup;
			children = (
				4E0E75511F8A584000A20F05 /* Main.storyboard */,
				4E0E75561F8A584000A20F05 /* LaunchScreen.storyboard */,
			);
			name = UI;
			sourceTree = "<group>";
		};
		4E0E75641F8A5B1300A20F05 /* Services */ = {
			isa = PBXGroup;
			children = (
				4E8C24EC1F8A67C6003EE54B /* Image+Service.swift */,
			);
			name = Services;
			sourceTree = "<group>";
		};
		4E0E75651F8A5B1500A20F05 /* Models */ = {
			isa = PBXGroup;
			children = (
				4E8C24E81F8A6609003EE54B /* Image.swift */,
			);
			name = Models;
			sourceTree = "<group>";
		};
		4E0E75661F8A5B1800A20F05 /* Views */ = {
			isa = PBXGroup;
			children = (
				4E8C24F41F8A6FDA003EE54B /* Cells */,
			);
			name = Views;
			sourceTree = "<group>";
		};
		4E0E75671F8A5B1A00A20F05 /* Controllers */ = {
			isa = PBXGroup;
			children = (
				4E0E754F1F8A584000A20F05 /* SearchViewController.swift */,
				4E8C24FA1F8A71E6003EE54B /* SearchViewController+Cells.swift */,
				4E8C24F21F8A6E93003EE54B /* SearchViewController+SearchBar.swift */,
				4E8C24FC1F8A88C6003EE54B /* ImagesViewController.swift */,
			);
			name = Controllers;
			sourceTree = "<group>";
		};
		4E0E75681F8A5B1D00A20F05 /* Application */ = {
			isa = PBXGroup;
			children = (
				4E0E754D1F8A584000A20F05 /* AppDelegate.swift */,
			);
			name = Application;
			sourceTree = "<group>";
		};
		4E0E75691F8A5B2200A20F05 /* Config */ = {
			isa = PBXGroup;
			children = (
				4E0E75591F8A584000A20F05 /* Info.plist */,
				4E8C24F01F8A6958003EE54B /* AppConfig.swift */,
			);
			name = Config;
			sourceTree = "<group>";
		};
		4E8C24F41F8A6FDA003EE54B /* Cells */ = {
			isa = PBXGroup;
			children = (
				4E8C24F51F8A6FEC003EE54B /* ImageCell.swift */,
			);
			name = Cells;
			sourceTree = "<group>";
		};
		4E8C24F71F8A7069003EE54B /* Extensions */ = {
			isa = PBXGroup;
			children = (
				4E8C24F81F8A7080003EE54B /* UIImageView+Extension.swift */,
			);
			name = Extensions;
			sourceTree = "<group>";
		};
		A9ABC19C5BAB14A15B8F667D /* Frameworks */ = {
			isa = PBXGroup;
			children = (
				4E8C24E61F8A6372003EE54B /* Pods-MyPixabay */,
				31E7163F14ACA3D28317ABB0 /* Pods_MyPixaby.framework */,
				1EF0D8929968A880FB50A9FE /* Pods_MyPixabay.framework */,
			);
			name = Frameworks;
			sourceTree = "<group>";
		};
/* End PBXGroup section */

/* Begin PBXNativeTarget section */
		4E0E75491F8A584000A20F05 /* MyPixabay */ = {
			isa = PBXNativeTarget;
			buildConfigurationList = 4E0E755C1F8A584000A20F05 /* Build configuration list for PBXNativeTarget "MyPixabay" */;
			buildPhases = (
				B88A848478945060093CD3A7 /* [CP] Check Pods Manifest.lock */,
				4E0E75461F8A584000A20F05 /* Sources */,
				4E0E75471F8A584000A20F05 /* Frameworks */,
				4E0E75481F8A584000A20F05 /* Resources */,
				65D58E7A18F6C1DFE15DBA97 /* [CP] Embed Pods Frameworks */,
				BF0332ED7BD96EFC72A5DBFC /* [CP] Copy Pods Resources */,
			);
			buildRules = (
			);
			dependencies = (
			);
			name = MyPixabay;
			productName = MyPixaby;
			productReference = 4E0E754A1F8A584000A20F05 /* MyPixabay.app */;
			productType = "com.apple.product-type.application";
		};
/* End PBXNativeTarget section */

/* Begin PBXProject section */
		4E0E75421F8A584000A20F05 /* Project object */ = {
			isa = PBXProject;
			attributes = {
				LastSwiftUpdateCheck = 0900;
				LastUpgradeCheck = 0900;
				ORGANIZATIONNAME = "Salah Kaci";
				TargetAttributes = {
					4E0E75491F8A584000A20F05 = {
						CreatedOnToolsVersion = 9.0;
						ProvisioningStyle = Automatic;
					};
				};
			};
			buildConfigurationList = 4E0E75451F8A584000A20F05 /* Build configuration list for PBXProject "MyPixabay" */;
			compatibilityVersion = "Xcode 8.0";
			developmentRegion = en;
			hasScannedForEncodings = 0;
			knownRegions = (
				en,
				Base,
			);
			mainGroup = 4E0E75411F8A584000A20F05;
			productRefGroup = 4E0E754B1F8A584000A20F05 /* Products */;
			projectDirPath = "";
			projectRoot = "";
			targets = (
				4E0E75491F8A584000A20F05 /* MyPixabay */,
			);
		};
/* End PBXProject section */

/* Begin PBXResourcesBuildPhase section */
		4E0E75481F8A584000A20F05 /* Resources */ = {
			isa = PBXResourcesBuildPhase;
			buildActionMask = 2147483647;
			files = (
				4E0E75581F8A584000A20F05 /* LaunchScreen.storyboard in Resources */,
				4E0E75551F8A584000A20F05 /* Assets.xcassets in Resources */,
				4E0E75531F8A584000A20F05 /* Main.storyboard in Resources */,
			);
			runOnlyForDeploymentPostprocessing = 0;
		};
/* End PBXResourcesBuildPhase section */

/* Begin PBXShellScriptBuildPhase section */
		65D58E7A18F6C1DFE15DBA97 /* [CP] Embed Pods Frameworks */ = {
			isa = PBXShellScriptBuildPhase;
			buildActionMask = 2147483647;
			files = (
			);
			inputPaths = (
			);
			name = "[CP] Embed Pods Frameworks";
			outputPaths = (
			);
			runOnlyForDeploymentPostprocessing = 0;
			shellPath = /bin/sh;
			shellScript = "\"${SRCROOT}/Pods/Target Support Files/Pods-MyPixabay/Pods-MyPixabay-frameworks.sh\"\n";
			showEnvVarsInLog = 0;
		};
		B88A848478945060093CD3A7 /* [CP] Check Pods Manifest.lock */ = {
			isa = PBXShellScriptBuildPhase;
			buildActionMask = 2147483647;
			files = (
			);
			inputPaths = (
				"${PODS_PODFILE_DIR_PATH}/Podfile.lock",
				"${PODS_ROOT}/Manifest.lock",
			);
			name = "[CP] Check Pods Manifest.lock";
			outputPaths = (
				"$(DERIVED_FILE_DIR)/Pods-MyPixabay-checkManifestLockResult.txt",
			);
			runOnlyForDeploymentPostprocessing = 0;
			shellPath = /bin/sh;
			shellScript = "diff \"${PODS_PODFILE_DIR_PATH}/Podfile.lock\" \"${PODS_ROOT}/Manifest.lock\" > /dev/null\nif [ $? != 0 ] ; then\n    # print error to STDERR\n    echo \"error: The sandbox is not in sync with the Podfile.lock. Run 'pod install' or update your CocoaPods installation.\" >&2\n    exit 1\nfi\n# This output is used by Xcode 'outputs' to avoid re-running this script phase.\necho \"SUCCESS\" > \"${SCRIPT_OUTPUT_FILE_0}\"\n";
			showEnvVarsInLog = 0;
		};
		BF0332ED7BD96EFC72A5DBFC /* [CP] Copy Pods Resources */ = {
			isa = PBXShellScriptBuildPhase;
			buildActionMask = 2147483647;
			files = (
			);
			inputPaths = (
			);
			name = "[CP] Copy Pods Resources";
			outputPaths = (
			);
			runOnlyForDeploymentPostprocessing = 0;
			shellPath = /bin/sh;
			shellScript = "\"${SRCROOT}/Pods/Target Support Files/Pods-MyPixabay/Pods-MyPixabay-resources.sh\"\n";
			showEnvVarsInLog = 0;
		};
/* End PBXShellScriptBuildPhase section */

/* Begin PBXSourcesBuildPhase section */
		4E0E75461F8A584000A20F05 /* Sources */ = {
			isa = PBXSourcesBuildPhase;
			buildActionMask = 2147483647;
			files = (
				4E0E75501F8A584000A20F05 /* SearchViewController.swift in Sources */,
				4E8C24ED1F8A67C6003EE54B /* Image+Service.swift in Sources */,
				4E8C24E91F8A6609003EE54B /* Image.swift in Sources */,
				4E8C24FD1F8A88C6003EE54B /* ImagesViewController.swift in Sources */,
				4E8C24F91F8A7080003EE54B /* UIImageView+Extension.swift in Sources */,
				4E0E754E1F8A584000A20F05 /* AppDelegate.swift in Sources */,
				4E8C24EB1F8A66F2003EE54B /* RequestsManager.swift in Sources */,
				4E8C24F61F8A6FEC003EE54B /* ImageCell.swift in Sources */,
				4E8C24F31F8A6E93003EE54B /* SearchViewController+SearchBar.swift in Sources */,
				4E8C24FB1F8A71E6003EE54B /* SearchViewController+Cells.swift in Sources */,
				4E8C24F11F8A6958003EE54B /* AppConfig.swift in Sources */,
			);
			runOnlyForDeploymentPostprocessing = 0;
		};
/* End PBXSourcesBuildPhase section */

/* Begin PBXVariantGroup section */
		4E0E75511F8A584000A20F05 /* Main.storyboard */ = {
			isa = PBXVariantGroup;
			children = (
				4E0E75521F8A584000A20F05 /* Base */,
			);
			name = Main.storyboard;
			sourceTree = "<group>";
		};
		4E0E75561F8A584000A20F05 /* LaunchScreen.storyboard */ = {
			isa = PBXVariantGroup;
			children = (
				4E0E75571F8A584000A20F05 /* Base */,
			);
			name = LaunchScreen.storyboard;
			sourceTree = "<group>";
		};
/* End PBXVariantGroup section */

/* Begin XCBuildConfiguration section */
		4E0E755A1F8A584000A20F05 /* Debug */ = {
			isa = XCBuildConfiguration;
			buildSettings = {
				ALWAYS_SEARCH_USER_PATHS = NO;
				CLANG_ANALYZER_NONNULL = YES;
				CLANG_ANALYZER_NUMBER_OBJECT_CONVERSION = YES_AGGRESSIVE;
				CLANG_CXX_LANGUAGE_STANDARD = "gnu++14";
				CLANG_CXX_LIBRARY = "libc++";
				CLANG_ENABLE_MODULES = YES;
				CLANG_ENABLE_OBJC_ARC = YES;
				CLANG_WARN_BLOCK_CAPTURE_AUTORELEASING = YES;
				CLANG_WARN_BOOL_CONVERSION = YES;
				CLANG_WARN_COMMA = YES;
				CLANG_WARN_CONSTANT_CONVERSION = YES;
				CLANG_WARN_DIRECT_OBJC_ISA_USAGE = YES_ERROR;
				CLANG_WARN_DOCUMENTATION_COMMENTS = YES;
				CLANG_WARN_EMPTY_BODY = YES;
				CLANG_WARN_ENUM_CONVERSION = YES;
				CLANG_WARN_INFINITE_RECURSION = YES;
				CLANG_WARN_INT_CONVERSION = YES;
				CLANG_WARN_NON_LITERAL_NULL_CONVERSION = YES;
				CLANG_WARN_OBJC_LITERAL_CONVERSION = YES;
				CLANG_WARN_OBJC_ROOT_CLASS = YES_ERROR;
				CLANG_WARN_RANGE_LOOP_ANALYSIS = YES;
				CLANG_WARN_STRICT_PROTOTYPES = YES;
				CLANG_WARN_SUSPICIOUS_MOVE = YES;
				CLANG_WARN_UNGUARDED_AVAILABILITY = YES_AGGRESSIVE;
				CLANG_WARN_UNREACHABLE_CODE = YES;
				CLANG_WARN__DUPLICATE_METHOD_MATCH = YES;
				CODE_SIGN_IDENTITY = "iPhone Developer";
				COPY_PHASE_STRIP = NO;
				DEBUG_INFORMATION_FORMAT = dwarf;
				ENABLE_STRICT_OBJC_MSGSEND = YES;
				ENABLE_TESTABILITY = YES;
				GCC_C_LANGUAGE_STANDARD = gnu11;
				GCC_DYNAMIC_NO_PIC = NO;
				GCC_NO_COMMON_BLOCKS = YES;
				GCC_OPTIMIZATION_LEVEL = 0;
				GCC_PREPROCESSOR_DEFINITIONS = (
					"DEBUG=1",
					"$(inherited)",
				);
				GCC_WARN_64_TO_32_BIT_CONVERSION = YES;
				GCC_WARN_ABOUT_RETURN_TYPE = YES_ERROR;
				GCC_WARN_UNDECLARED_SELECTOR = YES;
				GCC_WARN_UNINITIALIZED_AUTOS = YES_AGGRESSIVE;
				GCC_WARN_UNUSED_FUNCTION = YES;
				GCC_WARN_UNUSED_VARIABLE = YES;
				IPHONEOS_DEPLOYMENT_TARGET = 10.0;
				MTL_ENABLE_DEBUG_INFO = YES;
				ONLY_ACTIVE_ARCH = YES;
				SDKROOT = iphoneos;
				SWIFT_ACTIVE_COMPILATION_CONDITIONS = DEBUG;
				SWIFT_OPTIMIZATION_LEVEL = "-Onone";
			};
			name = Debug;
		};
		4E0E755B1F8A584000A20F05 /* Release */ = {
			isa = XCBuildConfiguration;
			buildSettings = {
				ALWAYS_SEARCH_USER_PATHS = NO;
				CLANG_ANALYZER_NONNULL = YES;
				CLANG_ANALYZER_NUMBER_OBJECT_CONVERSION = YES_AGGRESSIVE;
				CLANG_CXX_LANGUAGE_STANDARD = "gnu++14";
				CLANG_CXX_LIBRARY = "libc++";
				CLANG_ENABLE_MODULES = YES;
				CLANG_ENABLE_OBJC_ARC = YES;
				CLANG_WARN_BLOCK_CAPTURE_AUTORELEASING = YES;
				CLANG_WARN_BOOL_CONVERSION = YES;
				CLANG_WARN_COMMA = YES;
				CLANG_WARN_CONSTANT_CONVERSION = YES;
				CLANG_WARN_DIRECT_OBJC_ISA_USAGE = YES_ERROR;
				CLANG_WARN_DOCUMENTATION_COMMENTS = YES;
				CLANG_WARN_EMPTY_BODY = YES;
				CLANG_WARN_ENUM_CONVERSION = YES;
				CLANG_WARN_INFINITE_RECURSION = YES;
				CLANG_WARN_INT_CONVERSION = YES;
				CLANG_WARN_NON_LITERAL_NULL_CONVERSION = YES;
				CLANG_WARN_OBJC_LITERAL_CONVERSION = YES;
				CLANG_WARN_OBJC_ROOT_CLASS = YES_ERROR;
				CLANG_WARN_RANGE_LOOP_ANALYSIS = YES;
				CLANG_WARN_STRICT_PROTOTYPES = YES;
				CLANG_WARN_SUSPICIOUS_MOVE = YES;
				CLANG_WARN_UNGUARDED_AVAILABILITY = YES_AGGRESSIVE;
				CLANG_WARN_UNREACHABLE_CODE = YES;
				CLANG_WARN__DUPLICATE_METHOD_MATCH = YES;
				CODE_SIGN_IDENTITY = "iPhone Developer";
				COPY_PHASE_STRIP = NO;
				DEBUG_INFORMATION_FORMAT = "dwarf-with-dsym";
				ENABLE_NS_ASSERTIONS = NO;
				ENABLE_STRICT_OBJC_MSGSEND = YES;
				GCC_C_LANGUAGE_STANDARD = gnu11;
				GCC_NO_COMMON_BLOCKS = YES;
				GCC_WARN_64_TO_32_BIT_CONVERSION = YES;
				GCC_WARN_ABOUT_RETURN_TYPE = YES_ERROR;
				GCC_WARN_UNDECLARED_SELECTOR = YES;
				GCC_WARN_UNINITIALIZED_AUTOS = YES_AGGRESSIVE;
				GCC_WARN_UNUSED_FUNCTION = YES;
				GCC_WARN_UNUSED_VARIABLE = YES;
				IPHONEOS_DEPLOYMENT_TARGET = 10.0;
				MTL_ENABLE_DEBUG_INFO = NO;
				SDKROOT = iphoneos;
				SWIFT_OPTIMIZATION_LEVEL = "-Owholemodule";
				VALIDATE_PRODUCT = YES;
			};
			name = Release;
		};
		4E0E755D1F8A584000A20F05 /* Debug */ = {
			isa = XCBuildConfiguration;
			baseConfigurationReference = 27A1E5A9B292B5D32BAC15D0 /* Pods-MyPixabay.debug.xcconfig */;
			buildSettings = {
				ASSETCATALOG_COMPILER_APPICON_NAME = AppIcon;
				CODE_SIGN_STYLE = Automatic;
				INFOPLIST_FILE = MyPixabay/Info.plist;
				IPHONEOS_DEPLOYMENT_TARGET = 10.0;
				LD_RUNPATH_SEARCH_PATHS = "$(inherited) @executable_path/Frameworks";
				PRODUCT_BUNDLE_IDENTIFIER = fr.devsk.MyPixabay;
				PRODUCT_NAME = "$(TARGET_NAME)";
				SWIFT_VERSION = 3.0;
				TARGETED_DEVICE_FAMILY = "1,2";
			};
			name = Debug;
		};
		4E0E755E1F8A584000A20F05 /* Release */ = {
			isa = XCBuildConfiguration;
			baseConfigurationReference = CF54BDF0504094A2F5DE911B /* Pods-MyPixabay.release.xcconfig */;
			buildSettings = {
				ASSETCATALOG_COMPILER_APPICON_NAME = AppIcon;
				CODE_SIGN_STYLE = Automatic;
				INFOPLIST_FILE = MyPixabay/Info.plist;
				IPHONEOS_DEPLOYMENT_TARGET = 10.0;
				LD_RUNPATH_SEARCH_PATHS = "$(inherited) @executable_path/Frameworks";
				PRODUCT_BUNDLE_IDENTIFIER = fr.devsk.MyPixabay;
				PRODUCT_NAME = "$(TARGET_NAME)";
				SWIFT_VERSION = 3.0;
				TARGETED_DEVICE_FAMILY = "1,2";
			};
			name = Release;
		};
/* End XCBuildConfiguration section */

/* Begin XCConfigurationList section */
		4E0E75451F8A584000A20F05 /* Build configuration list for PBXProject "MyPixabay" */ = {
			isa = XCConfigurationList;
			buildConfigurations = (
				4E0E755A1F8A584000A20F05 /* Debug */,
				4E0E755B1F8A584000A20F05 /* Release */,
			);
			defaultConfigurationIsVisible = 0;
			defaultConfigurationName = Release;
		};
		4E0E755C1F8A584000A20F05 /* Build configuration list for PBXNativeTarget "MyPixabay" */ = {
			isa = XCConfigurationList;
			buildConfigurations = (
				4E0E755D1F8A584000A20F05 /* Debug */,
				4E0E755E1F8A584000A20F05 /* Release */,
			);
			defaultConfigurationIsVisible = 0;
			defaultConfigurationName = Release;
		};
/* End XCConfigurationList section */
	};
	rootObject = 4E0E75421F8A584000A20F05 /* Project object */;
}
